
Microsoft Visual Studio Solution File, Format Version 12.00
# Visual Studio Version 16
VisualStudioVersion = 16.0.30907.101
MinimumVisualStudioVersion = 10.0.40219.1
Project("{FAE04EC0-301F-11D3-BF4B-00C04F79EFBC}") = "MattiasFamilyTree", "FILLITT\MattiasFamilyTree.csproj", "{8CA72EBB-3F6A-463D-90B8-7AB1894EC595}"
EndProject
Global
	GlobalSection(SolutionConfigurationPlatforms) = preSolution
		Debug|Any CPU = Debug|Any CPU
		Release|Any CPU = Release|Any CPU
	EndGlobalSection
	GlobalSection(ProjectConfigurationPlatforms) = postSolution
		{8CA72EBB-3F6A-463D-90B8-7AB1894EC595}.Debug|Any CPU.ActiveCfg = Debug|Any CPU
		{8CA72EBB-3F6A-463D-90B8-7AB1894EC595}.Debug|Any CPU.Build.0 = Debug|Any CPU
		{8CA72EBB-3F6A-463D-90B8-7AB1894EC595}.Release|Any CPU.ActiveCfg = Release|Any CPU
		{8CA72EBB-3F6A-463D-90B8-7AB1894EC595}.Release|Any CPU.Build.0 = Release|Any CPU
	EndGlobalSection
	GlobalSection(SolutionProperties) = preSolution
		HideSolutionNode = FALSE
	EndGlobalSection
	GlobalSection(ExtensibilityGlobals) = postSolution
		SolutionGuid = {05BA0E83-D410-44F2-803B-F48EFDE3B5A2}
	EndGlobalSection
EndGlobal
